{
  "name": "5.1",
  "lockfileVersion": 3,
  "requires": true,
  "packages": {
    "": {
      "dependencies": {
        "types-registry": "^0.1.659"
      },
      "devDependencies": {
        "@types/eslint": "^8.44.2",
        "@types/lodash": "^4.14.197",
        "@types/readline-sync": "^1.4.4"
      }
    },
    "node_modules/@types/eslint": {
      "version": "8.44.2",
      "resolved": "https://registry.npmjs.org/@types/eslint/-/eslint-8.44.2.tgz",
      "integrity": "sha512-sdPRb9K6iL5XZOmBubg8yiFp5yS/JdUDQsq5e6h95km91MCYMuvp7mh1fjPEYUhvHepKpZOjnEaMBR4PxjWDzg==",
      "dev": true,
      "dependencies": {
        "@types/estree": "*",
        "@types/json-schema": "*"
      }
    },
    "node_modules/@types/estree": {
      "version": "1.0.1",
      "resolved": "https://registry.npmjs.org/@types/estree/-/estree-1.0.1.tgz",
      "integrity": "sha512-LG4opVs2ANWZ1TJoKc937iMmNstM/d0ae1vNbnBvBhqCSezgVUOzcLCqbI5elV8Vy6WKwKjaqR+zO9VKirBBCA==",
      "dev": true
    },
    "node_modules/@types/json-schema": {
      "version": "7.0.12",
      "resolved": "https://registry.npmjs.org/@types/json-schema/-/json-schema-7.0.12.tgz",
      "integrity": "sha512-Hr5Jfhc9eYOQNPYO5WLDq/n4jqijdHNlDXjuAQkkt+mWdQR+XJToOHrsD4cPaMXpn6KO7y2+wM8AZEs8VpBLVA==",
      "dev": true
    },
    "node_modules/@types/lodash": {
      "version": "4.14.197",
      "resolved": "https://registry.npmjs.org/@types/lodash/-/lodash-4.14.197.tgz",
      "integrity": "sha512-BMVOiWs0uNxHVlHBgzTIqJYmj+PgCo4euloGF+5m4okL3rEYzM2EEv78mw8zWSMM57dM7kVIgJ2QDvwHSoCI5g==",
      "dev": true
    },
    "node_modules/@types/readline-sync": {
      "version": "1.4.4",
      "resolved": "https://registry.npmjs.org/@types/readline-sync/-/readline-sync-1.4.4.tgz",
      "integrity": "sha512-cFjVIoiamX7U6zkO2VPvXyTxbFDdiRo902IarJuPVxBhpDnXhwSaVE86ip+SCuyWBbEioKCkT4C88RNTxBM1Dw==",
      "dev": true
    },
    "node_modules/types-registry": {
      "version": "0.1.659",
      "resolved": "https://registry.npmjs.org/types-registry/-/types-registry-0.1.659.tgz",
      "integrity": "sha512-aMKdZHVGhALzJBrNdLyVyhsYx3Ioeo25Anr6bHyxQkFMiRQQY+C8XxyNWJI0xbLZ2P4Yh3DMVkAM95DUkIBA0w=="
    }
  }
}
